# This file is @generated by PDM.
# It is not intended for manual editing.

[[package]]
name = "click"
version = "8.1.3"
requires_python = ">=3.7"
summary = "Composable command line interface toolkit"
dependencies = [
    "colorama; platform_system == \"Windows\"",
]

[[package]]
name = "cloudevents"
version = "1.9.0"
summary = "CloudEvents Python SDK"
dependencies = [
    "deprecation<3.0,>=2.0",
]

[[package]]
name = "colorama"
version = "0.4.6"
requires_python = "!=3.0.*,!=3.1.*,!=3.2.*,!=3.3.*,!=3.4.*,!=3.5.*,!=3.6.*,>=2.7"
summary = "Cross-platform colored terminal text."

[[package]]
name = "deprecation"
version = "2.1.0"
summary = "A library to handle automated deprecations"
dependencies = [
    "packaging",
]

[[package]]
name = "flask"
version = "2.2.3"
requires_python = ">=3.7"
summary = "A simple framework for building complex web applications."
dependencies = [
    "Jinja2>=3.0",
    "Werkzeug>=2.2.2",
    "click>=8.0",
    "importlib-metadata>=3.6.0; python_version < \"3.10\"",
    "itsdangerous>=2.0",
]

[[package]]
name = "functions-framework"
version = "3.3.0"
requires_python = ">=3.5, <4"
summary = "An open source FaaS (Function as a service) framework for writing portable Python functions -- brought to you by the Google Cloud Functions team."
dependencies = [
    "click<9.0,>=7.0",
    "cloudevents<2.0.0,>=1.2.0",
    "flask<3.0,>=1.0",
    "gunicorn<21.0,>=19.2.0; platform_system != \"Windows\"",
    "watchdog>=1.0.0",
]

[[package]]
name = "gunicorn"
version = "20.1.0"
requires_python = ">=3.5"
summary = "WSGI HTTP Server for UNIX"
dependencies = [
    "setuptools>=3.0",
]

[[package]]
name = "importlib-metadata"
version = "6.0.0"
requires_python = ">=3.7"
summary = "Read metadata from Python packages"
dependencies = [
    "zipp>=0.5",
]

[[package]]
name = "itsdangerous"
version = "2.1.2"
requires_python = ">=3.7"
summary = "Safely pass data to untrusted environments and back."

[[package]]
name = "jinja2"
version = "3.1.2"
requires_python = ">=3.7"
summary = "A very fast and expressive template engine."
dependencies = [
    "MarkupSafe>=2.0",
]

[[package]]
name = "markupsafe"
version = "2.1.2"
requires_python = ">=3.7"
summary = "Safely add untrusted strings to HTML/XML markup."

[[package]]
name = "packaging"
version = "23.0"
requires_python = ">=3.7"
summary = "Core utilities for Python packages"

[[package]]
name = "setuptools"
version = "67.4.0"
requires_python = ">=3.7"
summary = "Easily download, build, install, upgrade, and uninstall Python packages"

[[package]]
name = "watchdog"
version = "2.3.0"
requires_python = ">=3.6"
summary = "Filesystem events monitoring"

[[package]]
name = "werkzeug"
version = "2.2.3"
requires_python = ">=3.7"
summary = "The comprehensive WSGI web application library."
dependencies = [
    "MarkupSafe>=2.1.1",
]

[[package]]
name = "zipp"
version = "3.15.0"
requires_python = ">=3.7"
summary = "Backport of pathlib-compatible object wrapper for zip files"

[metadata]
lock_version = "4.1"
content_hash = "sha256:6704dfa06318dfae7fd83344185674682a3243c539652fefa2259f98b60ea664"

[metadata.files]
"click 8.1.3" = [
    {url = "https://files.pythonhosted.org/packages/59/87/84326af34517fca8c58418d148f2403df25303e02736832403587318e9e8/click-8.1.3.tar.gz", hash = "sha256:7682dc8afb30297001674575ea00d1814d808d6a36af415a82bd481d37ba7b8e"},
    {url = "https://files.pythonhosted.org/packages/c2/f1/df59e28c642d583f7dacffb1e0965d0e00b218e0186d7858ac5233dce840/click-8.1.3-py3-none-any.whl", hash = "sha256:bb4d8133cb15a609f44e8213d9b391b0809795062913b383c62be0ee95b1db48"},
]
"cloudevents 1.9.0" = [
    {url = "https://files.pythonhosted.org/packages/35/51/e4beea7af2e9a6f50b2a13e57444aa879d5366fb177b9d7bcf613de29696/cloudevents-1.9.0.tar.gz", hash = "sha256:8beb27503f97e215f886f73c17671012e96bb6268137fb3b2f9ef552727ab5b1"},
    {url = "https://files.pythonhosted.org/packages/58/e9/6216b3557fa6b4729d11763651c85e1d70f600147edbd6ec49f826309a28/cloudevents-1.9.0-py3-none-any.whl", hash = "sha256:1011459d56d8f0184a46456f5d72632a2565f18171e51b33e06f643e723d30c9"},
]
"colorama 0.4.6" = [
    {url = "https://files.pythonhosted.org/packages/d1/d6/3965ed04c63042e047cb6a3e6ed1a63a35087b6a609aa3a15ed8ac56c221/colorama-0.4.6-py2.py3-none-any.whl", hash = "sha256:4f1d9991f5acc0ca119f9d443620b77f9d6b33703e51011c16baf57afb285fc6"},
    {url = "https://files.pythonhosted.org/packages/d8/53/6f443c9a4a8358a93a6792e2acffb9d9d5cb0a5cfd8802644b7b1c9a02e4/colorama-0.4.6.tar.gz", hash = "sha256:08695f5cb7ed6e0531a20572697297273c47b8cae5a63ffc6d6ed5c201be6e44"},
]
"deprecation 2.1.0" = [
    {url = "https://files.pythonhosted.org/packages/02/c3/253a89ee03fc9b9682f1541728eb66db7db22148cd94f89ab22528cd1e1b/deprecation-2.1.0-py2.py3-none-any.whl", hash = "sha256:a10811591210e1fb0e768a8c25517cabeabcba6f0bf96564f8ff45189f90b14a"},
    {url = "https://files.pythonhosted.org/packages/5a/d3/8ae2869247df154b64c1884d7346d412fed0c49df84db635aab2d1c40e62/deprecation-2.1.0.tar.gz", hash = "sha256:72b3bde64e5d778694b0cf68178aed03d15e15477116add3fb773e581f9518ff"},
]
"flask 2.2.3" = [
    {url = "https://files.pythonhosted.org/packages/95/9c/a3542594ce4973786236a1b7b702b8ca81dbf40ea270f0f96284f0c27348/Flask-2.2.3-py3-none-any.whl", hash = "sha256:c0bec9477df1cb867e5a67c9e1ab758de9cb4a3e52dd70681f59fa40a62b3f2d"},
    {url = "https://files.pythonhosted.org/packages/e8/5c/ff9047989bd995b1098d14b03013f160225db2282925b517bb4a967752ee/Flask-2.2.3.tar.gz", hash = "sha256:7eb373984bf1c770023fce9db164ed0c3353cd0b53f130f4693da0ca756a2e6d"},
]
"functions-framework 3.3.0" = [
    {url = "https://files.pythonhosted.org/packages/d0/2d/36195d4850d9c43bf13b97a8b868a51459d384de5a189a56d60def76ffde/functions_framework-3.3.0-py3-none-any.whl", hash = "sha256:e6c97d2b009f4f0428c483c5a23bae3192a96107c9f1217cb1ecfa456c5375cc"},
    {url = "https://files.pythonhosted.org/packages/f9/56/46dd1516c0b2be782c6f91807306a97c84642d142638e17e591a817f6afe/functions-framework-3.3.0.tar.gz", hash = "sha256:b61ef4a25f2bec0e035551171d9910875df0794433339998abceac95fc2e259b"},
]
"gunicorn 20.1.0" = [
    {url = "https://files.pythonhosted.org/packages/28/5b/0d1f0296485a6af03366604142ea8f19f0833894db3512a40ed07b2a56dd/gunicorn-20.1.0.tar.gz", hash = "sha256:e0a968b5ba15f8a328fdfd7ab1fcb5af4470c28aaf7e55df02a99bc13138e6e8"},
    {url = "https://files.pythonhosted.org/packages/e4/dd/5b190393e6066286773a67dfcc2f9492058e9b57c4867a95f1ba5caf0a83/gunicorn-20.1.0-py3-none-any.whl", hash = "sha256:9dcc4547dbb1cb284accfb15ab5667a0e5d1881cc443e0677b4882a4067a807e"},
]
"importlib-metadata 6.0.0" = [
    {url = "https://files.pythonhosted.org/packages/26/a7/9da7d5b23fc98ab3d424ac2c65613d63c1f401efb84ad50f2fa27b2caab4/importlib_metadata-6.0.0-py3-none-any.whl", hash = "sha256:7efb448ec9a5e313a57655d35aa54cd3e01b7e1fbcf72dce1bf06119420f5bad"},
    {url = "https://files.pythonhosted.org/packages/90/07/6397ad02d31bddf1841c9ad3ec30a693a3ff208e09c2ef45c9a8a5f85156/importlib_metadata-6.0.0.tar.gz", hash = "sha256:e354bedeb60efa6affdcc8ae121b73544a7aa74156d047311948f6d711cd378d"},
]
"itsdangerous 2.1.2" = [
    {url = "https://files.pythonhosted.org/packages/68/5f/447e04e828f47465eeab35b5d408b7ebaaaee207f48b7136c5a7267a30ae/itsdangerous-2.1.2-py3-none-any.whl", hash = "sha256:2c2349112351b88699d8d4b6b075022c0808887cb7ad10069318a8b0bc88db44"},
    {url = "https://files.pythonhosted.org/packages/7f/a1/d3fb83e7a61fa0c0d3d08ad0a94ddbeff3731c05212617dff3a94e097f08/itsdangerous-2.1.2.tar.gz", hash = "sha256:5dbbc68b317e5e42f327f9021763545dc3fc3bfe22e6deb96aaf1fc38874156a"},
]
"jinja2 3.1.2" = [
    {url = "https://files.pythonhosted.org/packages/7a/ff/75c28576a1d900e87eb6335b063fab47a8ef3c8b4d88524c4bf78f670cce/Jinja2-3.1.2.tar.gz", hash = "sha256:31351a702a408a9e7595a8fc6150fc3f43bb6bf7e319770cbc0db9df9437e852"},
    {url = "https://files.pythonhosted.org/packages/bc/c3/f068337a370801f372f2f8f6bad74a5c140f6fda3d9de154052708dd3c65/Jinja2-3.1.2-py3-none-any.whl", hash = "sha256:6088930bfe239f0e6710546ab9c19c9ef35e29792895fed6e6e31a023a182a61"},
]
"markupsafe 2.1.2" = [
    {url = "https://files.pythonhosted.org/packages/02/2c/18d55e5df6a9ea33709d6c33e08cb2e07d39e20ad05d8c6fbf9c9bcafd54/MarkupSafe-2.1.2-cp310-cp310-win_amd64.whl", hash = "sha256:835fb5e38fd89328e9c81067fd642b3593c33e1e17e2fdbf77f5676abb14a156"},
    {url = "https://files.pythonhosted.org/packages/04/cf/9464c3c41b7cdb8df660cda75676697e7fb49ce1be7691a1162fc88da078/MarkupSafe-2.1.2-cp311-cp311-musllinux_1_1_i686.whl", hash = "sha256:085fd3201e7b12809f9e6e9bc1e5c96a368c8523fad5afb02afe3c051ae4afcc"},
    {url = "https://files.pythonhosted.org/packages/06/3b/d026c21cd1dbee89f41127e93113dcf5fa85c6660d108847760b59b3a66d/MarkupSafe-2.1.2-cp39-cp39-manylinux_2_17_x86_64.manylinux2014_x86_64.whl", hash = "sha256:40dfd3fefbef579ee058f139733ac336312663c6706d1163b82b3003fb1925c4"},
    {url = "https://files.pythonhosted.org/packages/0a/88/78cb3d95afebd183d8b04442685ab4c70cfc1138b850ba20e2a07aff2f53/MarkupSafe-2.1.2-cp311-cp311-manylinux_2_17_aarch64.manylinux2014_aarch64.whl", hash = "sha256:65608c35bfb8a76763f37036547f7adfd09270fbdbf96608be2bead319728fcd"},
    {url = "https://files.pythonhosted.org/packages/0d/15/82b108c697bec4c26c00aed6975b778cf0eac6cbb77598862b10550b7fcc/MarkupSafe-2.1.2-cp38-cp38-musllinux_1_1_x86_64.whl", hash = "sha256:2298c859cfc5463f1b64bd55cb3e602528db6fa0f3cfd568d3605c50678f8f03"},
    {url = "https://files.pythonhosted.org/packages/19/00/3b8eb0093c885576a1ce7f2263e7b8c01e55b9977433f8246f57cd81b0be/MarkupSafe-2.1.2-cp311-cp311-win32.whl", hash = "sha256:7df70907e00c970c60b9ef2938d894a9381f38e6b9db73c5be35e59d92e06625"},
    {url = "https://files.pythonhosted.org/packages/1f/20/76f6337f1e7238a626ab34405ddd634636011b2ff947dcbd8995f16a7776/MarkupSafe-2.1.2-cp311-cp311-musllinux_1_1_x86_64.whl", hash = "sha256:1bea30e9bf331f3fef67e0a3877b2288593c98a21ccb2cf29b74c581a4eb3af0"},
    {url = "https://files.pythonhosted.org/packages/22/88/9c0cae2f5ada778182f2842b377dd273d6be689953345c10b165478831eb/MarkupSafe-2.1.2-cp39-cp39-win32.whl", hash = "sha256:137678c63c977754abe9086a3ec011e8fd985ab90631145dfb9294ad09c102a7"},
    {url = "https://files.pythonhosted.org/packages/29/d2/243e6b860d97c18d848fc2bee2f39d102755a2b04a5ce4d018d839711b46/MarkupSafe-2.1.2-cp38-cp38-musllinux_1_1_i686.whl", hash = "sha256:8db032bf0ce9022a8e41a22598eefc802314e81b879ae093f36ce9ddf39ab1ba"},
    {url = "https://files.pythonhosted.org/packages/30/3e/0a69a24adb38df83e2f6989c38d68627a5f27181c82ecaa1fd03d1236dca/MarkupSafe-2.1.2-cp310-cp310-manylinux_2_5_i686.manylinux1_i686.manylinux_2_17_i686.manylinux2014_i686.whl", hash = "sha256:ca244fa73f50a800cf8c3ebf7fd93149ec37f5cb9596aa8873ae2c1d23498601"},
    {url = "https://files.pythonhosted.org/packages/34/19/64b0abc021b22766e86efee32b0e2af684c4b731ce8ac1d519c791800c13/MarkupSafe-2.1.2-cp310-cp310-macosx_10_9_x86_64.whl", hash = "sha256:340bea174e9761308703ae988e982005aedf427de816d1afe98147668cc03036"},
    {url = "https://files.pythonhosted.org/packages/37/b2/6f4d5cac75ba6fe9f17671304fe339ea45a73c5609b5f5e652aa79c915c8/MarkupSafe-2.1.2-cp310-cp310-macosx_10_9_universal2.whl", hash = "sha256:665a36ae6f8f20a4676b53224e33d456a6f5a72657d9c83c2aa00765072f31f7"},
    {url = "https://files.pythonhosted.org/packages/39/8d/5c5ce72deb8567ab48a18fbd99dc0af3dd651b6691b8570947e54a28e0f3/MarkupSafe-2.1.2-cp37-cp37m-win_amd64.whl", hash = "sha256:6d6607f98fcf17e534162f0709aaad3ab7a96032723d8ac8750ffe17ae5a0666"},
    {url = "https://files.pythonhosted.org/packages/3d/66/2f636ba803fd6eb4cee7b3106ae02538d1e84a7fb7f4f8775c6528a87d31/MarkupSafe-2.1.2-cp310-cp310-manylinux_2_17_x86_64.manylinux2014_x86_64.whl", hash = "sha256:28057e985dace2f478e042eaa15606c7efccb700797660629da387eb289b9323"},
    {url = "https://files.pythonhosted.org/packages/41/54/6e88795c64ab5dcda31b06406c062c2740d1a64db18219d4e21fc90928c1/MarkupSafe-2.1.2-cp39-cp39-musllinux_1_1_i686.whl", hash = "sha256:c0a33bc9f02c2b17c3ea382f91b4db0e6cde90b63b296422a939886a7a80de1c"},
    {url = "https://files.pythonhosted.org/packages/46/0c/10ee33673c5e36fa3809cf136971f81d951ca38516188ee11a965d9b2fe9/MarkupSafe-2.1.2-cp39-cp39-win_amd64.whl", hash = "sha256:0576fe974b40a400449768941d5d0858cc624e3249dfd1e0c33674e5c7ca7aed"},
    {url = "https://files.pythonhosted.org/packages/48/cc/d027612e17b56088cfccd2c8e083518995fcb25a7b4f17fc146362a0499d/MarkupSafe-2.1.2-cp38-cp38-musllinux_1_1_aarch64.whl", hash = "sha256:f8ffb705ffcf5ddd0e80b65ddf7bed7ee4f5a441ea7d3419e861a12eaf41af58"},
    {url = "https://files.pythonhosted.org/packages/4b/34/dc837e5ad9e14634aac4342eb8b12a9be20a4f74f50cc0d765f7aa2fc1e3/MarkupSafe-2.1.2-cp38-cp38-macosx_10_9_x86_64.whl", hash = "sha256:a4abaec6ca3ad8660690236d11bfe28dfd707778e2442b45addd2f086d6ef094"},
    {url = "https://files.pythonhosted.org/packages/50/41/1442b693a40eb76d835ca2016e86a01479f17d7fd8288f9830f6790e366a/MarkupSafe-2.1.2-cp39-cp39-musllinux_1_1_x86_64.whl", hash = "sha256:b8526c6d437855442cdd3d87eede9c425c4445ea011ca38d937db299382e6fa3"},
    {url = "https://files.pythonhosted.org/packages/52/36/b35c577c884ea352fc0c1eaed9ca4946ffc22cc9c3527a70408bfa9e9496/MarkupSafe-2.1.2-cp39-cp39-manylinux_2_17_aarch64.manylinux2014_aarch64.whl", hash = "sha256:40627dcf047dadb22cd25ea7ecfe9cbf3bbbad0482ee5920b582f3809c97654f"},
    {url = "https://files.pythonhosted.org/packages/56/0d/c9818629672a3368b773fa94597d79da77bdacc3186f097bb85023f785f6/MarkupSafe-2.1.2-cp37-cp37m-musllinux_1_1_x86_64.whl", hash = "sha256:0b462104ba25f1ac006fdab8b6a01ebbfbce9ed37fd37fd4acd70c67c973e460"},
    {url = "https://files.pythonhosted.org/packages/5a/94/d056bf5dbadf7f4b193ee2a132b3d49ffa1602371e3847518b2982045425/MarkupSafe-2.1.2-cp311-cp311-manylinux_2_17_x86_64.manylinux2014_x86_64.whl", hash = "sha256:f2bfb563d0211ce16b63c7cb9395d2c682a23187f54c3d79bfec33e6705473c6"},
    {url = "https://files.pythonhosted.org/packages/5e/f6/8eb8a5692c1986b6e863877b0b8a83628aff14e5fbfaf11d9522b532bd9d/MarkupSafe-2.1.2-cp310-cp310-manylinux_2_17_aarch64.manylinux2014_aarch64.whl", hash = "sha256:22152d00bf4a9c7c83960521fc558f55a1adbc0631fbb00a9471e097b19d72e1"},
    {url = "https://files.pythonhosted.org/packages/66/21/dadb671aade8eb67ef96e0d8f90b1bd5e8cfb6ad9d8c7fa2c870ec0c257b/MarkupSafe-2.1.2-cp37-cp37m-musllinux_1_1_aarch64.whl", hash = "sha256:55f44b440d491028addb3b88f72207d71eeebfb7b5dbf0643f7c023ae1fba619"},
    {url = "https://files.pythonhosted.org/packages/76/b5/05ce70a3e31ecebcd3628cd180dc4761293aa496db85170fdc085ed2d79a/MarkupSafe-2.1.2-cp38-cp38-win32.whl", hash = "sha256:50c42830a633fa0cf9e7d27664637532791bfc31c731a87b202d2d8ac40c3ea2"},
    {url = "https://files.pythonhosted.org/packages/77/26/af46880038c6eac3832e751298f1965f3a550f38d1e9ddaabd674860076b/MarkupSafe-2.1.2-cp39-cp39-macosx_10_9_x86_64.whl", hash = "sha256:8bca7e26c1dd751236cfb0c6c72d4ad61d986e9a41bbf76cb445f69488b2a2bd"},
    {url = "https://files.pythonhosted.org/packages/78/e6/91c9a20a943ea231c59024e181c4c5480097daf132428f2272670974637f/MarkupSafe-2.1.2-cp310-cp310-win32.whl", hash = "sha256:c4a549890a45f57f1ebf99c067a4ad0cb423a05544accaf2b065246827ed9603"},
    {url = "https://files.pythonhosted.org/packages/79/e2/b818bf277fa6b01244943498cb2127372c01dde5eff7682837cc72740618/MarkupSafe-2.1.2-cp311-cp311-manylinux_2_5_i686.manylinux1_i686.manylinux_2_17_i686.manylinux2014_i686.whl", hash = "sha256:da25303d91526aac3672ee6d49a2f3db2d9502a4a60b55519feb1a4c7714e07d"},
    {url = "https://files.pythonhosted.org/packages/7b/0f/0e99c2f342933c43af69849a6ba63f2eef54e14c6d0e10a26470fb6b40a9/MarkupSafe-2.1.2-cp37-cp37m-macosx_10_9_x86_64.whl", hash = "sha256:a6e40afa7f45939ca356f348c8e23048e02cb109ced1eb8420961b2f40fb373a"},
    {url = "https://files.pythonhosted.org/packages/7c/e6/454df09f18e0ea34d189b447a9e1a9f66c2aa332b77fd5577ebc7ca14d42/MarkupSafe-2.1.2-cp39-cp39-manylinux_2_5_i686.manylinux1_i686.manylinux_2_17_i686.manylinux2014_i686.whl", hash = "sha256:090376d812fb6ac5f171e5938e82e7f2d7adc2b629101cec0db8b267815c85e2"},
    {url = "https://files.pythonhosted.org/packages/80/64/ccb65aadd71e7685caa69a885885a673e8748525a243fb26acea37201b44/MarkupSafe-2.1.2-cp38-cp38-manylinux_2_17_aarch64.manylinux2014_aarch64.whl", hash = "sha256:f03a532d7dee1bed20bc4884194a16160a2de9ffc6354b3878ec9682bb623c54"},
    {url = "https://files.pythonhosted.org/packages/82/70/b3978786c7b576c25d84b009d2a20a11b5300d252fc3ce984e37b932e97c/MarkupSafe-2.1.2-cp39-cp39-musllinux_1_1_aarch64.whl", hash = "sha256:2e7821bffe00aa6bd07a23913b7f4e01328c3d5cc0b40b36c0bd81d362faeb65"},
    {url = "https://files.pythonhosted.org/packages/82/e3/4efcd74f10a7999783955aec36386f71082e6d7dafcc06b77b9df72b325a/MarkupSafe-2.1.2-cp39-cp39-macosx_10_9_universal2.whl", hash = "sha256:99625a92da8229df6d44335e6fcc558a5037dd0a760e11d84be2260e6f37002f"},
    {url = "https://files.pythonhosted.org/packages/87/a1/d0f05a09c6c1aef89d1eea0ab0ff1ea897d4117d27f1571034a7e3ff515b/MarkupSafe-2.1.2-cp37-cp37m-manylinux_2_17_aarch64.manylinux2014_aarch64.whl", hash = "sha256:cf877ab4ed6e302ec1d04952ca358b381a882fbd9d1b07cccbfd61783561f98a"},
    {url = "https://files.pythonhosted.org/packages/93/ca/1c3ae0c6a5712d4ba98610cada03781ea0448436b17d1dcd4759115b15a1/MarkupSafe-2.1.2-cp310-cp310-musllinux_1_1_aarch64.whl", hash = "sha256:d9d971ec1e79906046aa3ca266de79eac42f1dbf3612a05dc9368125952bd1a1"},
    {url = "https://files.pythonhosted.org/packages/93/fa/d72f68f84f8537ee8aa3e0764d1eb11e5e025a5ca90c16e94a40f894c2fc/MarkupSafe-2.1.2-cp38-cp38-win_amd64.whl", hash = "sha256:bb06feb762bade6bf3c8b844462274db0c76acc95c52abe8dbed28ae3d44a147"},
    {url = "https://files.pythonhosted.org/packages/95/7e/68018b70268fb4a2a605e2be44ab7b4dd7ce7808adae6c5ef32e34f4b55a/MarkupSafe-2.1.2.tar.gz", hash = "sha256:abcabc8c2b26036d62d4c746381a6f7cf60aafcc653198ad678306986b09450d"},
    {url = "https://files.pythonhosted.org/packages/95/88/8c8cce021ac1b1eedde349c6a41f6c256da60babf95e572071361ff3f66b/MarkupSafe-2.1.2-cp37-cp37m-manylinux_2_17_x86_64.manylinux2014_x86_64.whl", hash = "sha256:63ba06c9941e46fa389d389644e2d8225e0e3e5ebcc4ff1ea8506dce646f8c8a"},
    {url = "https://files.pythonhosted.org/packages/96/92/a873b4a7fa20c2e30bffe883bb560330f3b6ce03aaf278f75f96d161935b/MarkupSafe-2.1.2-cp310-cp310-musllinux_1_1_i686.whl", hash = "sha256:7e007132af78ea9df29495dbf7b5824cb71648d7133cf7848a2a5dd00d36f9ff"},
    {url = "https://files.pythonhosted.org/packages/9d/80/8320f182d06a9b289b1a9f266f593feb91d3781c7e104bbe09e0c4c11439/MarkupSafe-2.1.2-cp38-cp38-manylinux_2_17_x86_64.manylinux2014_x86_64.whl", hash = "sha256:4cf06cdc1dda95223e9d2d3c58d3b178aa5dacb35ee7e3bbac10e4e1faacb419"},
    {url = "https://files.pythonhosted.org/packages/be/18/988e1913a40cc8eb725b1e073eacc130f7803a061577bdc0b9343eb3c696/MarkupSafe-2.1.2-cp37-cp37m-win32.whl", hash = "sha256:7668b52e102d0ed87cb082380a7e2e1e78737ddecdde129acadb0eccc5423859"},
    {url = "https://files.pythonhosted.org/packages/c3/e5/42842a44bfd9ba2955c562b1139334a2f64cedb687e8969777fd07de42a9/MarkupSafe-2.1.2-cp37-cp37m-manylinux_2_5_i686.manylinux1_i686.manylinux_2_17_i686.manylinux2014_i686.whl", hash = "sha256:f1cd098434e83e656abf198f103a8207a8187c0fc110306691a2e94a78d0abb2"},
    {url = "https://files.pythonhosted.org/packages/c7/0e/22d0c8e6ee84414e251bd1bc555b2705af6b3fb99f0ba1ead2a0f51d423b/MarkupSafe-2.1.2-cp38-cp38-manylinux_2_5_i686.manylinux1_i686.manylinux_2_17_i686.manylinux2014_i686.whl", hash = "sha256:22731d79ed2eb25059ae3df1dfc9cb1546691cc41f4e3130fe6bfbc3ecbbecfa"},
    {url = "https://files.pythonhosted.org/packages/cf/c1/d7596976a868fe3487212a382cc121358a53dc8e8d85ff2ee2c3d3b40f04/MarkupSafe-2.1.2-cp311-cp311-musllinux_1_1_aarch64.whl", hash = "sha256:9cad97ab29dfc3f0249b483412c85c8ef4766d96cdf9dcf5a1e3caa3f3661cf1"},
    {url = "https://files.pythonhosted.org/packages/d1/10/ff89b23d4a24051c4e4f689b79ee06f230d7e9431445e24f5dd9d9a89730/MarkupSafe-2.1.2-cp38-cp38-macosx_10_9_universal2.whl", hash = "sha256:a806db027852538d2ad7555b203300173dd1b77ba116de92da9afbc3a3be3eed"},
    {url = "https://files.pythonhosted.org/packages/e3/a9/e366665c7eae59c9c9d34b747cd5a3994847719a2304e0c8dec8b604dd98/MarkupSafe-2.1.2-cp311-cp311-macosx_10_9_universal2.whl", hash = "sha256:2ec4f2d48ae59bbb9d1f9d7efb9236ab81429a764dedca114f5fdabbc3788013"},
    {url = "https://files.pythonhosted.org/packages/e6/ff/d2378ca3cb3ac4a37af767b820b0f0bf3f5e9193a6acce0eefc379425c1c/MarkupSafe-2.1.2-cp311-cp311-macosx_10_9_x86_64.whl", hash = "sha256:608e7073dfa9e38a85d38474c082d4281f4ce276ac0010224eaba11e929dd53a"},
    {url = "https://files.pythonhosted.org/packages/e9/c6/2da36728c1310f141395176556500aeedfdea8c2b02a3b72ba61b69280e8/MarkupSafe-2.1.2-cp37-cp37m-musllinux_1_1_i686.whl", hash = "sha256:a6f2fcca746e8d5910e18782f976489939d54a91f9411c32051b4aab2bd7c513"},
    {url = "https://files.pythonhosted.org/packages/ea/60/2400ba59cf2465fa136487ee7299f52121a9d04b2cf8539ad43ad10e70e8/MarkupSafe-2.1.2-cp311-cp311-win_amd64.whl", hash = "sha256:e55e40ff0cc8cc5c07996915ad367fa47da6b3fc091fdadca7f5403239c5fec3"},
    {url = "https://files.pythonhosted.org/packages/f9/aa/ebcd114deab08f892b1d70badda4436dbad1747f9e5b72cffb3de4c7129d/MarkupSafe-2.1.2-cp310-cp310-musllinux_1_1_x86_64.whl", hash = "sha256:7313ce6a199651c4ed9d7e4cfb4aa56fe923b1adf9af3b420ee14e6d9a73df65"},
]
"packaging 23.0" = [
    {url = "https://files.pythonhosted.org/packages/47/d5/aca8ff6f49aa5565df1c826e7bf5e85a6df852ee063600c1efa5b932968c/packaging-23.0.tar.gz", hash = "sha256:b6ad297f8907de0fa2fe1ccbd26fdaf387f5f47c7275fedf8cce89f99446cf97"},
    {url = "https://files.pythonhosted.org/packages/ed/35/a31aed2993e398f6b09a790a181a7927eb14610ee8bbf02dc14d31677f1c/packaging-23.0-py3-none-any.whl", hash = "sha256:714ac14496c3e68c99c29b00845f7a2b85f3bb6f1078fd9f72fd20f0570002b2"},
]
"setuptools 67.4.0" = [
    {url = "https://files.pythonhosted.org/packages/2c/3a/e0340041dad00234d1fe569ed55b602d24eb11a4939b0a2ec844e970a87d/setuptools-67.4.0-py3-none-any.whl", hash = "sha256:f106dee1b506dee5102cc3f3e9e68137bbad6d47b616be7991714b0c62204251"},
    {url = "https://files.pythonhosted.org/packages/fe/31/2c88d37d4f8036c6648745e74ec51f73a6ba945a06e069601900f81fe00a/setuptools-67.4.0.tar.gz", hash = "sha256:e5fd0a713141a4a105412233c63dc4e17ba0090c8e8334594ac790ec97792330"},
]
"watchdog 2.3.0" = [
    {url = "https://files.pythonhosted.org/packages/15/5f/2a8f6de534f37f72f9863bee3ed4486b0bb961ada27c286a73f680a42fa0/watchdog-2.3.0-cp311-cp311-macosx_10_9_x86_64.whl", hash = "sha256:a4b9bece40d46bf6fb8621817ea7d903eae2b9b3ebac55a51ed50354a79061a8"},
    {url = "https://files.pythonhosted.org/packages/2c/83/fd546dbc7bbb3e0f1ef67f9b643772589ac3f8d03dfb0833bfd08229b9c6/watchdog-2.3.0-cp38-cp38-macosx_11_0_arm64.whl", hash = "sha256:4e648df44a4c6ea6da4d9eb6722745c986b9d70268f25ae60f140082d7c8908e"},
    {url = "https://files.pythonhosted.org/packages/30/f7/f4c709738f90093fb373e1d1e8a92e7eed7bf76cfcb0de01cfe9c13e2a66/watchdog-2.3.0-py3-none-manylinux2014_ppc64.whl", hash = "sha256:aa4773160b9cb21ba369cb42d59a947087330b3a02480173033a6a6cc137a510"},
    {url = "https://files.pythonhosted.org/packages/35/33/8867a4798dc687e5db7040c7827e1c21188b6c20fc9495c2f684b4d8ae82/watchdog-2.3.0-cp38-cp38-macosx_10_9_universal2.whl", hash = "sha256:139262f678b4e6a7013261c772059bca358441de04fb0e0087489a34db9e3db0"},
    {url = "https://files.pythonhosted.org/packages/35/43/9e9574124a5ad06a750cab5dd136d029292c9cdd4c6aff046cee8f048562/watchdog-2.3.0-py3-none-manylinux2014_s390x.whl", hash = "sha256:45c13e7e6eea1013da419bf9aa9a8f5df7bbf3e5edce40bc6df84130febf39d5"},
    {url = "https://files.pythonhosted.org/packages/37/9a/1f557da8043665ab9ff90ecfa82ed3bdbf1278d6bbf7570a45fd9c4016ca/watchdog-2.3.0-cp310-cp310-macosx_10_9_x86_64.whl", hash = "sha256:9e651b4874477c1bf239417d43818bbfd047aaf641b029fa60d6f5109ede0db0"},
    {url = "https://files.pythonhosted.org/packages/38/a5/e734c6ca5a7c874b2bf767e1dc7fce2119cfe655157be72cbd66bbd0db09/watchdog-2.3.0-cp38-cp38-macosx_10_9_x86_64.whl", hash = "sha256:8a214955769d2ef0f7aaa82f31863e3bdf6b083ce1b5f1c2e85cab0f66fba024"},
    {url = "https://files.pythonhosted.org/packages/3b/21/5fb0a410258319c95a57ddcab5a5f9cf7153599574b7f2b189dee959862d/watchdog-2.3.0-cp311-cp311-macosx_10_9_universal2.whl", hash = "sha256:0f7d759299ce21a3d2a77e18d430c24811369c3432453701790acc6ff45a7101"},
    {url = "https://files.pythonhosted.org/packages/63/0d/a2d6bbdaf7ed3106c08fec63c8c52ae2954be12a6ed89aabdc8724a2c922/watchdog-2.3.0-py3-none-win32.whl", hash = "sha256:8863913ea2c3f256d18c33d84546518636e391cd8f50d209b9a31221e0f7d3fd"},
    {url = "https://files.pythonhosted.org/packages/6b/83/c75ebd2b910ad5c05dd36ba2aa90ac606ce57d4a6096dc7cdb078e157482/watchdog-2.3.0-py3-none-manylinux2014_ppc64le.whl", hash = "sha256:982f5416a2817003172994d865285dd6a2b3836f033cd3fa87d1a62096a162cc"},
    {url = "https://files.pythonhosted.org/packages/6d/d4/573e671e9b6ccd85116e45d5ec0a147718886366c183f9d536b5129a4a63/watchdog-2.3.0-pp37-pypy37_pp73-macosx_10_9_x86_64.whl", hash = "sha256:43d76d7888b26850b908208bb82383a193e8b0f25d0abaa84452f191b4acdea4"},
    {url = "https://files.pythonhosted.org/packages/84/21/8bc45bc78cd19fdb677953667a620571eb335c9816e3e31a0d6e3d6cafc2/watchdog-2.3.0-pp39-pypy39_pp73-macosx_10_9_x86_64.whl", hash = "sha256:3fa1572f5a2f6d17d4d860edbc04488fef31b007c25c2f3b11203fb8179b7c67"},
    {url = "https://files.pythonhosted.org/packages/8b/c2/b04ec91b447b9d34703f16d574215e4a7019496c3402899db7d9a35db0fb/watchdog-2.3.0-py3-none-manylinux2014_armv7l.whl", hash = "sha256:00f93782c67042d9525ec51628330b5faf5fb84bcb7ebaac05ea8528cfb20bba"},
    {url = "https://files.pythonhosted.org/packages/97/33/15911a569ab457f2b5957bf35799a35dfb01bf528e0a03fe140b57fbd115/watchdog-2.3.0-cp311-cp311-macosx_11_0_arm64.whl", hash = "sha256:242e57253e84a736e6777ba756c48cf6a68d3d90cb9e01bd6bfd371a949ace3a"},
    {url = "https://files.pythonhosted.org/packages/9c/7b/40a3746a9d748bc8dca805faccf95e427271c2fdeb88a3c402f135004853/watchdog-2.3.0-cp36-cp36m-macosx_10_9_x86_64.whl", hash = "sha256:3fa74b0ef4825f9112932675a002296cb2d3d3e400d7a44c32fafd1ecc83ada0"},
    {url = "https://files.pythonhosted.org/packages/a4/59/dc9a8d393dc7d669331c2644405fc531df36004608cb0481ae2064d82bb0/watchdog-2.3.0-cp39-cp39-macosx_10_9_x86_64.whl", hash = "sha256:ebe756f788cb130fdc5c150ea8a4fda39cb4ee3a5873a345607c8b84fecf018b"},
    {url = "https://files.pythonhosted.org/packages/af/75/bcf697f8d8fb76b32a73434129de19bae1952df9005ea3a9a587faae6443/watchdog-2.3.0-cp310-cp310-macosx_10_9_universal2.whl", hash = "sha256:c1b3962e5463a848ba2a342cb66c80251dca27a102933b8f38d231d2a9e5a543"},
    {url = "https://files.pythonhosted.org/packages/b6/a0/bd2745231d42eeae6e7bd823cdb34bd5b68344c2f636f4faa11b5f9308ec/watchdog-2.3.0-cp39-cp39-macosx_11_0_arm64.whl", hash = "sha256:a623de186477e9e05f8461087f856412eae5cd005cc4bcb232ed5c6f9a8709f5"},
    {url = "https://files.pythonhosted.org/packages/bd/24/bb8e0fc590a9b13cca9bb640fe9e63155cdb2579b8d6c626a964c23d4c9e/watchdog-2.3.0-cp39-cp39-macosx_10_9_universal2.whl", hash = "sha256:473164a2de473f708ca194a992466eeefff73b58273bbb88e089c5a5a98fcda1"},
    {url = "https://files.pythonhosted.org/packages/be/70/5b249f88d4c4fa5235ef524c8591f2d186c611bb93946643eaca301936b5/watchdog-2.3.0-cp37-cp37m-macosx_10_9_x86_64.whl", hash = "sha256:15bf5b165d7a6b48265411dad74fb0d33053f8270eb6575faad0e016035cf9f7"},
    {url = "https://files.pythonhosted.org/packages/c1/d0/cd7661148127d5dda9bffeb70777541a70623be1abdc9463e0a82aaca33d/watchdog-2.3.0-py3-none-manylinux2014_x86_64.whl", hash = "sha256:7767a3da3307d9cf597832f692702441a97c259e5d0d560f2e57c43ad0d191d2"},
    {url = "https://files.pythonhosted.org/packages/c2/87/5d651cb0aab9a42b13e9a557021b6498ea45fc9f72ba6b37bbdbcffe907c/watchdog-2.3.0-py3-none-win_amd64.whl", hash = "sha256:6d79b5954db8f41d6a7f5763042b988f7a4afd40b7d141456061fa7c5b7f2159"},
    {url = "https://files.pythonhosted.org/packages/ce/8b/90c2611473594857c3548ad895dc8ca3dde0d5240b4f3ef01eb6c5bbeef9/watchdog-2.3.0-py3-none-win_ia64.whl", hash = "sha256:a3559ee82a10976de1ec544b6ebe3b4aa398d491860a283d80ec0f550076d068"},
    {url = "https://files.pythonhosted.org/packages/cf/b0/4bc82402b2ef7aea5c14c6665222d6cb97ff4997d693e70d2ae45315e8f1/watchdog-2.3.0-py3-none-manylinux2014_i686.whl", hash = "sha256:f1a655f4a49f9232311b9967f42cc2eaf43fd4903f3bed850dd4570fda5d5eff"},
    {url = "https://files.pythonhosted.org/packages/d1/77/6451ac9c31630bab57e4dcd25e701c379547ccc0974d7d6d94b97e46ca7f/watchdog-2.3.0.tar.gz", hash = "sha256:9d39effe6909be898ba3e7286a9e9b17a6a9f734fb1ef9dde3e9bb68715fca39"},
    {url = "https://files.pythonhosted.org/packages/d6/a9/c5ce07886321f043fcf58a72f20096cf72113b05d204a8efa06f5006f1e2/watchdog-2.3.0-cp310-cp310-macosx_11_0_arm64.whl", hash = "sha256:d04662017efd00a014cff9068708e085d67f2fac43f48bbbb95a7f97490487f3"},
    {url = "https://files.pythonhosted.org/packages/e3/cc/3c5e4a97d67d6e7ae360891fc59db6c5faa8154c19b74cddc99cc4d027ca/watchdog-2.3.0-py3-none-manylinux2014_aarch64.whl", hash = "sha256:1d9c656495172873bf1ddc7e39e80055fcdd21c4608cf68f23a28116dcba0b43"},
    {url = "https://files.pythonhosted.org/packages/ee/ed/b47a369557d46e1dd336bf91733fba97416dbfa56e859606ed77876f78b3/watchdog-2.3.0-pp38-pypy38_pp73-macosx_10_9_x86_64.whl", hash = "sha256:5ddbbe87f9ed726940d174076da030cd01ec45433ef2b1b2e6094c84f2af17f1"},
]
"werkzeug 2.2.3" = [
    {url = "https://files.pythonhosted.org/packages/02/3c/baaebf3235c87d61d6593467056d5a8fba7c75ac838b8d100a5e64eba7a0/Werkzeug-2.2.3.tar.gz", hash = "sha256:2e1ccc9417d4da358b9de6f174e3ac094391ea1d4fbef2d667865d819dfd0afe"},
    {url = "https://files.pythonhosted.org/packages/f6/f8/9da63c1617ae2a1dec2fbf6412f3a0cfe9d4ce029eccbda6e1e4258ca45f/Werkzeug-2.2.3-py3-none-any.whl", hash = "sha256:56433961bc1f12533306c624f3be5e744389ac61d722175d543e1751285da612"},
]
"zipp 3.15.0" = [
    {url = "https://files.pythonhosted.org/packages/00/27/f0ac6b846684cecce1ee93d32450c45ab607f65c2e0255f0092032d91f07/zipp-3.15.0.tar.gz", hash = "sha256:112929ad649da941c23de50f356a2b5570c954b65150642bccdd66bf194d224b"},
    {url = "https://files.pythonhosted.org/packages/5b/fa/c9e82bbe1af6266adf08afb563905eb87cab83fde00a0a08963510621047/zipp-3.15.0-py3-none-any.whl", hash = "sha256:48904fc76a60e542af151aded95726c1a5c34ed43ab4134b597665c86d7ad556"},
]
