# This file is @generated by PDM.
# It is not intended for manual editing.

[metadata]
groups = ["default"]
cross_platform = true
static_urls = false
lock_version = "4.3"
content_hash = "sha256:f3fff8c3ac4b82aeb0f0ca4b289da812cf7cfc80fd278a7a68fe902f0597187d"

[[package]]
name = "googleapis-common-protos"
version = "1.60.0"
requires_python = ">=3.7"
summary = "Common protobufs used in Google APIs"
dependencies = [
    "protobuf!=3.20.0,!=3.20.1,!=4.21.1,!=4.21.2,!=4.21.3,!=4.21.4,!=4.21.5,<5.0.0.dev0,>=3.19.5",
]
files = [
    {file = "googleapis-common-protos-1.60.0.tar.gz", hash = "sha256:e73ebb404098db405ba95d1e1ae0aa91c3e15a71da031a2eeb6b2e23e7bc3708"},
    {file = "googleapis_common_protos-1.60.0-py2.py3-none-any.whl", hash = "sha256:69f9bbcc6acde92cab2db95ce30a70bd2b81d20b12eff3f1aabaffcbe8a93918"},
]

[[package]]
name = "protobuf"
version = "4.24.0"
requires_python = ">=3.7"
summary = ""
files = [
    {file = "protobuf-4.24.0-cp310-abi3-win32.whl", hash = "sha256:81cb9c4621d2abfe181154354f63af1c41b00a4882fb230b4425cbaed65e8f52"},
    {file = "protobuf-4.24.0-cp310-abi3-win_amd64.whl", hash = "sha256:6c817cf4a26334625a1904b38523d1b343ff8b637d75d2c8790189a4064e51c3"},
    {file = "protobuf-4.24.0-cp37-abi3-macosx_10_9_universal2.whl", hash = "sha256:ae97b5de10f25b7a443b40427033e545a32b0e9dda17bcd8330d70033379b3e5"},
    {file = "protobuf-4.24.0-cp37-abi3-manylinux2014_aarch64.whl", hash = "sha256:567fe6b0647494845d0849e3d5b260bfdd75692bf452cdc9cb660d12457c055d"},
    {file = "protobuf-4.24.0-cp37-abi3-manylinux2014_x86_64.whl", hash = "sha256:a6b1ca92ccabfd9903c0c7dde8876221dc7d8d87ad5c42e095cc11b15d3569c7"},
    {file = "protobuf-4.24.0-py3-none-any.whl", hash = "sha256:82e6e9ebdd15b8200e8423676eab38b774624d6a1ad696a60d86a2ac93f18201"},
    {file = "protobuf-4.24.0.tar.gz", hash = "sha256:5d0ceb9de6e08311832169e601d1fc71bd8e8c779f3ee38a97a78554945ecb85"},
]
